
Microsoft Visual Studio Solution File, Format Version 12.00
# Visual Studio Version 17
VisualStudioVersion = 17.0.32002.185
MinimumVisualStudioVersion = 10.0.40219.1
Project("{FAE04EC0-301F-11D3-BF4B-00C04F79EFBC}") = "Serializaçao-WinForms", "Serializaçao-WinForms\Serializaçao-WinForms.csproj", "{C6FB7D4B-903E-4CBE-B8E5-20B13CB34130}"
EndProject
Global
	GlobalSection(SolutionConfigurationPlatforms) = preSolution
		Debug|Any CPU = Debug|Any CPU
		Release|Any CPU = Release|Any CPU
	EndGlobalSection
	GlobalSection(ProjectConfigurationPlatforms) = postSolution
		{C6FB7D4B-903E-4CBE-B8E5-20B13CB34130}.Debug|Any CPU.ActiveCfg = Debug|Any CPU
		{C6FB7D4B-903E-4CBE-B8E5-20B13CB34130}.Debug|Any CPU.Build.0 = Debug|Any CPU
		{C6FB7D4B-903E-4CBE-B8E5-20B13CB34130}.Release|Any CPU.ActiveCfg = Release|Any CPU
		{C6FB7D4B-903E-4CBE-B8E5-20B13CB34130}.Release|Any CPU.Build.0 = Release|Any CPU
	EndGlobalSection
	GlobalSection(SolutionProperties) = preSolution
		HideSolutionNode = FALSE
	EndGlobalSection
	GlobalSection(ExtensibilityGlobals) = postSolution
		SolutionGuid = {55919B8B-5ED5-45CE-A3A9-6C6657D65832}
	EndGlobalSection
EndGlobal
